
Microsoft Visual Studio Solution File, Format Version 12.00
# Visual Studio Version 17
VisualStudioVersion = 17.10.35013.160
MinimumVisualStudioVersion = 10.0.40219.1
Project("{FAE04EC0-301F-11D3-BF4B-00C04F79EFBC}") = "HW_botFTP", "HW_botFTP\HW_botFTP.csproj", "{30668F13-D400-4103-BE80-FF3145922C31}"
EndProject
Global
	GlobalSection(SolutionConfigurationPlatforms) = preSolution
		Debug|Any CPU = Debug|Any CPU
		Release|Any CPU = Release|Any CPU
	EndGlobalSection
	GlobalSection(ProjectConfigurationPlatforms) = postSolution
		{30668F13-D400-4103-BE80-FF3145922C31}.Debug|Any CPU.ActiveCfg = Debug|Any CPU
		{30668F13-D400-4103-BE80-FF3145922C31}.Debug|Any CPU.Build.0 = Debug|Any CPU
		{30668F13-D400-4103-BE80-FF3145922C31}.Release|Any CPU.ActiveCfg = Release|Any CPU
		{30668F13-D400-4103-BE80-FF3145922C31}.Release|Any CPU.Build.0 = Release|Any CPU
	EndGlobalSection
	GlobalSection(SolutionProperties) = preSolution
		HideSolutionNode = FALSE
	EndGlobalSection
	GlobalSection(ExtensibilityGlobals) = postSolution
		SolutionGuid = {A20CA5BF-CFB5-4860-8E02-B8265261C600}
	EndGlobalSection
EndGlobal
